
Microsoft Visual Studio Solution File, Format Version 12.00
# Visual Studio 14
VisualStudioVersion = 14.0.25123.0
MinimumVisualStudioVersion = 10.0.40219.1
Project("{2150E333-8FDC-42A3-9474-1A3956D46DE8}") = "_Helpers", "_Helpers", "{FF9E5F83-AFA9-4F4B-91F8-6DB72A8B0F22}"
EndProject
Project("{FAE04EC0-301F-11D3-BF4B-00C04F79EFBC}") = "CodeHelpers", "_Helpers\CodeHelpers\CodeHelpers.csproj", "{0F843F51-DA68-473F-A1D0-AA5C1088FEAE}"
EndProject
Project("{FAE04EC0-301F-11D3-BF4B-00C04F79EFBC}") = "TestHelper", "_Helpers\TestHelper\TestHelper.csproj", "{64F9B481-33FC-4ED1-AE99-4047BECCED6C}"
EndProject
Project("{2150E333-8FDC-42A3-9474-1A3956D46DE8}") = "Tutorials", "Tutorials", "{781A9483-4227-49C7-A5B6-03087E6E042C}"
EndProject
Project("{2150E333-8FDC-42A3-9474-1A3956D46DE8}") = "Tracks", "Tracks", "{27F46D4F-0830-415C-9FAF-05437110E6C7}"
EndProject
Project("{2150E333-8FDC-42A3-9474-1A3956D46DE8}") = "Competes", "Competes", "{99BAAD1C-01DF-4959-BDAF-58E68391B5A1}"
EndProject
Project("{2150E333-8FDC-42A3-9474-1A3956D46DE8}") = "30DaysOfCode", "30DaysOfCode", "{03CDEBC9-84E4-45FF-8E63-A6B6EAF6CE2F}"
EndProject
Project("{FAE04EC0-301F-11D3-BF4B-00C04F79EFBC}") = "2DArrays", "Tutorials\30DaysOfCode\2DArrays\2DArrays.csproj", "{6F3BAACA-2036-4D2B-9C59-937D1A16CC0D}"
EndProject
Project("{FAE04EC0-301F-11D3-BF4B-00C04F79EFBC}") = "AbstractClasses", "Tutorials\30DaysOfCode\AbstractClasses\AbstractClasses.csproj", "{FCB7A11F-B528-4063-8981-31C1E8976082}"
EndProject
Project("{FAE04EC0-301F-11D3-BF4B-00C04F79EFBC}") = "Arrays", "Tutorials\30DaysOfCode\Arrays\Arrays.csproj", "{19BCA7C3-9300-441E-A8FA-1E16B79EA95E}"
EndProject
Project("{FAE04EC0-301F-11D3-BF4B-00C04F79EFBC}") = "BinaryNumbers", "Tutorials\30DaysOfCode\BinaryNumbers\BinaryNumbers.csproj", "{9C510789-3747-43CC-8043-8080D9B2164C}"
EndProject
Project("{FAE04EC0-301F-11D3-BF4B-00C04F79EFBC}") = "ClassVsInstance", "Tutorials\30DaysOfCode\ClassVsInstance\ClassVsInstance.csproj", "{16DEE5FE-F09B-4ECF-A7A9-35458C7CAEA2}"
EndProject
Project("{FAE04EC0-301F-11D3-BF4B-00C04F79EFBC}") = "DictionariesAndMaps", "Tutorials\30DaysOfCode\DictionariesAndMaps\DictionariesAndMaps.csproj", "{FEF061E3-0FA7-4FC1-8229-D90D150A31FB}"
EndProject
Project("{FAE04EC0-301F-11D3-BF4B-00C04F79EFBC}") = "ExceptionsStringToInteger", "Tutorials\30DaysOfCode\ExceptionsStringToInteger\ExceptionsStringToInteger.csproj", "{C6C9F693-C7DC-4EB4-8C45-A3D63B7FD3FF}"
EndProject
Project("{FAE04EC0-301F-11D3-BF4B-00C04F79EFBC}") = "Inheritance", "Tutorials\30DaysOfCode\Inheritance\Inheritance.csproj", "{D079054E-5B8A-4733-84E7-F5D6393B9726}"
EndProject
Project("{FAE04EC0-301F-11D3-BF4B-00C04F79EFBC}") = "Interfaces", "Tutorials\30DaysOfCode\Interfaces\Interfaces.csproj", "{2A53904D-7B4F-4DA3-975C-C4ADF8E3B59E}"
EndProject
Project("{FAE04EC0-301F-11D3-BF4B-00C04F79EFBC}") = "LetsReview", "Tutorials\30DaysOfCode\LetsReview\LetsReview.csproj", "{02976AE1-E538-45DA-873B-8BD2855037C1}"
EndProject
Project("{FAE04EC0-301F-11D3-BF4B-00C04F79EFBC}") = "LinkedList", "Tutorials\30DaysOfCode\LinkedList\LinkedList.csproj", "{5731FC0E-B14E-4657-B3C5-6BB9450AB699}"
EndProject
Project("{FAE04EC0-301F-11D3-BF4B-00C04F79EFBC}") = "Loops", "Tutorials\30DaysOfCode\Loops\Loops.csproj", "{E6C92602-C698-42DF-B4AF-0EE7DC9D6AE1}"
EndProject
Project("{FAE04EC0-301F-11D3-BF4B-00C04F79EFBC}") = "MoreExceptions", "Tutorials\30DaysOfCode\MoreExceptions\MoreExceptions.csproj", "{644C17E6-7DBF-40AB-941D-0DE3C53F16BD}"
EndProject
Project("{FAE04EC0-301F-11D3-BF4B-00C04F79EFBC}") = "QueuesAndStacks", "Tutorials\30DaysOfCode\QueuesAndStacks\QueuesAndStacks.csproj", "{29B1C184-A5B8-4747-A486-8201E521BDF3}"
EndProject
Project("{FAE04EC0-301F-11D3-BF4B-00C04F79EFBC}") = "Recursion", "Tutorials\30DaysOfCode\Recursion\Recursion.csproj", "{2B2071F0-7404-4CCB-B8B2-839FA3887938}"
EndProject
Project("{FAE04EC0-301F-11D3-BF4B-00C04F79EFBC}") = "Scope", "Tutorials\30DaysOfCode\Scope\Scope.csproj", "{7A7C631A-D56B-4BBD-AE91-E0C9E26C4E65}"
EndProject
Project("{FAE04EC0-301F-11D3-BF4B-00C04F79EFBC}") = "Sorting", "Tutorials\30DaysOfCode\Sorting\Sorting.csproj", "{3593C91C-90C8-4E7F-B678-0E8CB68AE625}"
EndProject
Project("{2150E333-8FDC-42A3-9474-1A3956D46DE8}") = "_Tests", "_Tests", "{8F116FC8-44B8-43C3-821C-844AF7206AD2}"
EndProject
Project("{2150E333-8FDC-42A3-9474-1A3956D46DE8}") = "Algorithms", "Algorithms", "{8E08DD78-5789-449A-8BD3-FE9B830F1E37}"
EndProject
Project("{2150E333-8FDC-42A3-9474-1A3956D46DE8}") = "GraphTheory", "GraphTheory", "{BA3F41CC-0D38-48E5-A5BE-08A019E70678}"
EndProject
Project("{FAE04EC0-301F-11D3-BF4B-00C04F79EFBC}") = "KingdomConnectivity", "Tracks\Algorithms\GraphTheory\KingdomConnectivity\KingdomConnectivity.csproj", "{E0F2351E-7508-49CA-9701-AF5ADC925CF4}"
EndProject
Project("{2150E333-8FDC-42A3-9474-1A3956D46DE8}") = "Strings", "Strings", "{41FF87BC-CCD2-4CB1-BE8F-DA6B9E729329}"
EndProject
Project("{FAE04EC0-301F-11D3-BF4B-00C04F79EFBC}") = "BuildPalindrome", "Tracks\Algorithms\Strings\BuildPalindrome\BuildPalindrome.csproj", "{C33DEA95-14A0-4E5A-A2E6-EDBD71AC2F87}"
EndProject
Project("{FAE04EC0-301F-11D3-BF4B-00C04F79EFBC}") = "BuildPalindrome_Tests", "_Tests\BuildPalindrome_Tests\BuildPalindrome_Tests.csproj", "{6A33C752-1317-4C6F-8E20-30085D653113}"
EndProject
Project("{FAE04EC0-301F-11D3-BF4B-00C04F79EFBC}") = "KingdomConnectivity_Tests", "_Tests\KingdomConnectivity_Tests\KingdomConnectivity_Tests.csproj", "{38D54CA3-76CA-4FA2-8164-0FD2C6F894DE}"
EndProject
Project("{2150E333-8FDC-42A3-9474-1A3956D46DE8}") = "DataStructures", "DataStructures", "{0D8744E1-7554-4F1C-A1A6-A4FF0EA8D405}"
EndProject
Project("{2150E333-8FDC-42A3-9474-1A3956D46DE8}") = "Arrays", "Arrays", "{94C466BB-F0A3-4FCC-BAC1-50157D2CFFAA}"
EndProject
Project("{FAE04EC0-301F-11D3-BF4B-00C04F79EFBC}") = "AlgorithmicCrush", "Tracks\DataStructures\Arrays\AlgorithmicCrush\AlgorithmicCrush.csproj", "{F71DE7EE-206C-4B1F-95C4-812F90D14225}"
EndProject
Project("{FAE04EC0-301F-11D3-BF4B-00C04F79EFBC}") = "AlgorithmicCrush_Tests", "_Tests\AlgorithmicCrush_Tests\AlgorithmicCrush_Tests.csproj", "{305928A1-B773-413F-9948-B13013BDE9DD}"
EndProject
Project("{FAE04EC0-301F-11D3-BF4B-00C04F79EFBC}") = "SparseArrays", "Tracks\DataStructures\Arrays\SparseArrays\SparseArrays.csproj", "{F7708149-250E-4E28-A3FA-0E7BF14A514D}"
EndProject
Project("{FAE04EC0-301F-11D3-BF4B-00C04F79EFBC}") = "Generics", "Tutorials\30DaysOfCode\Generics\Generics.csproj", "{749D1EF5-5AB1-4FA3-A4E6-DF779588BC97}"
EndProject
Project("{2150E333-8FDC-42A3-9474-1A3956D46DE8}") = "DynamicProgramming", "DynamicProgramming", "{4E10FE26-C3E8-4C2E-828E-94FD7746C9FE}"
EndProject
Project("{FAE04EC0-301F-11D3-BF4B-00C04F79EFBC}") = "Equal", "Tracks\Algorithms\DynamicProgramming\Equal\Equal.csproj", "{E2CDCFAE-C9E9-4816-96F2-6FE98F0B2537}"
EndProject
Project("{FAE04EC0-301F-11D3-BF4B-00C04F79EFBC}") = "Equal_Tests", "_Tests\Equal_Tests\Equal_Tests.csproj", "{67D6063B-912B-4714-831A-369073D2B0D4}"
EndProject
Project("{FAE04EC0-301F-11D3-BF4B-00C04F79EFBC}") = "BinarySearchTrees", "Tutorials\30DaysOfCode\BinarySearchTrees\BinarySearchTrees.csproj", "{7E99C5B8-D7FE-4013-B9A7-8ACC7B9B2FFC}"
EndProject
Project("{FAE04EC0-301F-11D3-BF4B-00C04F79EFBC}") = "BSTLevelOrderTraversal", "Tutorials\30DaysOfCode\BSTLevelOrderTraversal\BSTLevelOrderTraversal.csproj", "{26CC1A2E-FDED-4275-909C-357BF37E604E}"
EndProject
Project("{FAE04EC0-301F-11D3-BF4B-00C04F79EFBC}") = "MoreLinkedLists", "Tutorials\30DaysOfCode\MoreLinkedLists\MoreLinkedLists.csproj", "{CD6AA9CD-9B63-4EEE-B23A-3E3A254B1C85}"
EndProject
Project("{FAE04EC0-301F-11D3-BF4B-00C04F79EFBC}") = "RunningTimeAndComplexity", "Tutorials\30DaysOfCode\RunningTimeAndComplexity\RunningTimeAndComplexity.csproj", "{DB020247-10ED-4634-8351-DB66946A59FD}"
EndProject
Project("{FAE04EC0-301F-11D3-BF4B-00C04F79EFBC}") = "NestedLogic", "Tutorials\30DaysOfCode\NestedLogic\NestedLogic.csproj", "{68A85626-4924-4D37-9685-9B6A8C7A0311}"
EndProject
Project("{FAE04EC0-301F-11D3-BF4B-00C04F79EFBC}") = "Testing", "Tutorials\30DaysOfCode\Testing\Testing.csproj", "{DA2D4DAC-46F6-4F4C-ACFE-4BA4889A3733}"
EndProject
Project("{FAE04EC0-301F-11D3-BF4B-00C04F79EFBC}") = "RegexPatternsAndIntroToDatabases", "Tutorials\30DaysOfCode\RegexPatternsAndIntroToDatabases\RegexPatternsAndIntroToDatabases.csproj", "{EAE1B93E-8425-41D2-9C12-595CA9BCA0F2}"
EndProject
Project("{FAE04EC0-301F-11D3-BF4B-00C04F79EFBC}") = "BitwiseAND", "Tutorials\30DaysOfCode\BitwiseAND\BitwiseAND.csproj", "{C0E841C3-186A-4CC0-AB13-5319BB3C1C59}"
EndProject
Project("{FAE04EC0-301F-11D3-BF4B-00C04F79EFBC}") = "BitwiseAND_Tests", "_Tests\BitwiseAND_Tests\BitwiseAND_Tests.csproj", "{EBD1F76F-70D8-4D16-B0E9-C9A013903C93}"
EndProject
Project("{FAE04EC0-301F-11D3-BF4B-00C04F79EFBC}") = "TheCoinChangeProblem", "Tracks\Algorithms\DynamicProgramming\TheCoinChangeProblem\TheCoinChangeProblem.csproj", "{356710AE-FD13-4E48-9EC3-09BA072A7336}"
EndProject
Project("{2150E333-8FDC-42A3-9474-1A3956D46DE8}") = "Implementation", "Implementation", "{5DC9853B-6A0C-4AE5-BA58-050BDBE88E5E}"
EndProject
Project("{FAE04EC0-301F-11D3-BF4B-00C04F79EFBC}") = "MatrixLayerRotation", "Tracks\Algorithms\Implementation\MatrixLayerRotation\MatrixLayerRotation.csproj", "{F8F07AF8-DA5C-49D0-B2EC-E0E963CF465A}"
EndProject
Project("{FAE04EC0-301F-11D3-BF4B-00C04F79EFBC}") = "MatrixLayerRotation_Tests", "_Tests\MatrixLayerRotation_Tests\MatrixLayerRotation_Tests.csproj", "{4C9B6358-29B3-47C7-9B8A-D120425D0149}"
EndProject
Project("{FAE04EC0-301F-11D3-BF4B-00C04F79EFBC}") = "TheCoinChangeProblem_Tests", "_Tests\TheCoinChangeProblem_Tests\TheCoinChangeProblem_Tests.csproj", "{54654F32-E80E-4079-83C2-DDE622630B0D}"
EndProject
Project("{2150E333-8FDC-42A3-9474-1A3956D46DE8}") = "WeekOfCode30", "WeekOfCode30", "{0C89D3E4-990F-4526-A8CC-E94BF1FCC787}"
EndProject
Project("{FAE04EC0-301F-11D3-BF4B-00C04F79EFBC}") = "CandyReplenishingRobot", "Compete\WeekOfCode30\CandyReplenishingRobot\CandyReplenishingRobot.csproj", "{A24F3BC7-45C1-4353-A87B-650FD110E4DC}"
EndProject
Project("{FAE04EC0-301F-11D3-BF4B-00C04F79EFBC}") = "FindTheMinimumNumber", "Compete\WeekOfCode30\FindTheMinimumNumber\FindTheMinimumNumber.csproj", "{4A54779E-22EB-4112-81B2-A255DBD39B38}"
EndProject
Project("{FAE04EC0-301F-11D3-BF4B-00C04F79EFBC}") = "MelodiousPassword", "Compete\WeekOfCode30\MelodiousPassword\MelodiousPassword.csproj", "{E7B0B290-84D8-47C0-B148-2B2726596F5B}"
EndProject
Project("{FAE04EC0-301F-11D3-BF4B-00C04F79EFBC}") = "Poles", "Compete\WeekOfCode30\Poles\Poles.csproj", "{D9D87B45-1DFD-4BE0-96DF-DDD73AFF6017}"
EndProject
Project("{FAE04EC0-301F-11D3-BF4B-00C04F79EFBC}") = "RangeModularQueries", "Compete\WeekOfCode30\RangeModularQueries\RangeModularQueries.csproj", "{CAA15C7E-2DE0-4879-A0E3-6ECE83BF31A1}"
EndProject
Project("{FAE04EC0-301F-11D3-BF4B-00C04F79EFBC}") = "AGraphProblem", "Compete\WeekOfCode30\AGraphProblem\AGraphProblem.csproj", "{C0C92F69-7EB6-4DB1-B2E8-35B1F94F7292}"
EndProject
Global
	GlobalSection(SolutionConfigurationPlatforms) = preSolution
		Debug|Any CPU = Debug|Any CPU
		Release|Any CPU = Release|Any CPU
	EndGlobalSection
	GlobalSection(ProjectConfigurationPlatforms) = postSolution
		{0F843F51-DA68-473F-A1D0-AA5C1088FEAE}.Debug|Any CPU.ActiveCfg = Debug|Any CPU
		{0F843F51-DA68-473F-A1D0-AA5C1088FEAE}.Debug|Any CPU.Build.0 = Debug|Any CPU
		{0F843F51-DA68-473F-A1D0-AA5C1088FEAE}.Release|Any CPU.ActiveCfg = Release|Any CPU
		{0F843F51-DA68-473F-A1D0-AA5C1088FEAE}.Release|Any CPU.Build.0 = Release|Any CPU
		{64F9B481-33FC-4ED1-AE99-4047BECCED6C}.Debug|Any CPU.ActiveCfg = Debug|Any CPU
		{64F9B481-33FC-4ED1-AE99-4047BECCED6C}.Debug|Any CPU.Build.0 = Debug|Any CPU
		{64F9B481-33FC-4ED1-AE99-4047BECCED6C}.Release|Any CPU.ActiveCfg = Release|Any CPU
		{64F9B481-33FC-4ED1-AE99-4047BECCED6C}.Release|Any CPU.Build.0 = Release|Any CPU
		{6F3BAACA-2036-4D2B-9C59-937D1A16CC0D}.Debug|Any CPU.ActiveCfg = Debug|Any CPU
		{6F3BAACA-2036-4D2B-9C59-937D1A16CC0D}.Debug|Any CPU.Build.0 = Debug|Any CPU
		{6F3BAACA-2036-4D2B-9C59-937D1A16CC0D}.Release|Any CPU.ActiveCfg = Release|Any CPU
		{6F3BAACA-2036-4D2B-9C59-937D1A16CC0D}.Release|Any CPU.Build.0 = Release|Any CPU
		{FCB7A11F-B528-4063-8981-31C1E8976082}.Debug|Any CPU.ActiveCfg = Debug|Any CPU
		{FCB7A11F-B528-4063-8981-31C1E8976082}.Debug|Any CPU.Build.0 = Debug|Any CPU
		{FCB7A11F-B528-4063-8981-31C1E8976082}.Release|Any CPU.ActiveCfg = Release|Any CPU
		{FCB7A11F-B528-4063-8981-31C1E8976082}.Release|Any CPU.Build.0 = Release|Any CPU
		{19BCA7C3-9300-441E-A8FA-1E16B79EA95E}.Debug|Any CPU.ActiveCfg = Debug|Any CPU
		{19BCA7C3-9300-441E-A8FA-1E16B79EA95E}.Debug|Any CPU.Build.0 = Debug|Any CPU
		{19BCA7C3-9300-441E-A8FA-1E16B79EA95E}.Release|Any CPU.ActiveCfg = Release|Any CPU
		{19BCA7C3-9300-441E-A8FA-1E16B79EA95E}.Release|Any CPU.Build.0 = Release|Any CPU
		{9C510789-3747-43CC-8043-8080D9B2164C}.Debug|Any CPU.ActiveCfg = Debug|Any CPU
		{9C510789-3747-43CC-8043-8080D9B2164C}.Debug|Any CPU.Build.0 = Debug|Any CPU
		{9C510789-3747-43CC-8043-8080D9B2164C}.Release|Any CPU.ActiveCfg = Release|Any CPU
		{9C510789-3747-43CC-8043-8080D9B2164C}.Release|Any CPU.Build.0 = Release|Any CPU
		{16DEE5FE-F09B-4ECF-A7A9-35458C7CAEA2}.Debug|Any CPU.ActiveCfg = Debug|Any CPU
		{16DEE5FE-F09B-4ECF-A7A9-35458C7CAEA2}.Debug|Any CPU.Build.0 = Debug|Any CPU
		{16DEE5FE-F09B-4ECF-A7A9-35458C7CAEA2}.Release|Any CPU.ActiveCfg = Release|Any CPU
		{16DEE5FE-F09B-4ECF-A7A9-35458C7CAEA2}.Release|Any CPU.Build.0 = Release|Any CPU
		{FEF061E3-0FA7-4FC1-8229-D90D150A31FB}.Debug|Any CPU.ActiveCfg = Debug|Any CPU
		{FEF061E3-0FA7-4FC1-8229-D90D150A31FB}.Debug|Any CPU.Build.0 = Debug|Any CPU
		{FEF061E3-0FA7-4FC1-8229-D90D150A31FB}.Release|Any CPU.ActiveCfg = Release|Any CPU
		{FEF061E3-0FA7-4FC1-8229-D90D150A31FB}.Release|Any CPU.Build.0 = Release|Any CPU
		{C6C9F693-C7DC-4EB4-8C45-A3D63B7FD3FF}.Debug|Any CPU.ActiveCfg = Debug|Any CPU
		{C6C9F693-C7DC-4EB4-8C45-A3D63B7FD3FF}.Debug|Any CPU.Build.0 = Debug|Any CPU
		{C6C9F693-C7DC-4EB4-8C45-A3D63B7FD3FF}.Release|Any CPU.ActiveCfg = Release|Any CPU
		{C6C9F693-C7DC-4EB4-8C45-A3D63B7FD3FF}.Release|Any CPU.Build.0 = Release|Any CPU
		{D079054E-5B8A-4733-84E7-F5D6393B9726}.Debug|Any CPU.ActiveCfg = Debug|Any CPU
		{D079054E-5B8A-4733-84E7-F5D6393B9726}.Debug|Any CPU.Build.0 = Debug|Any CPU
		{D079054E-5B8A-4733-84E7-F5D6393B9726}.Release|Any CPU.ActiveCfg = Release|Any CPU
		{D079054E-5B8A-4733-84E7-F5D6393B9726}.Release|Any CPU.Build.0 = Release|Any CPU
		{2A53904D-7B4F-4DA3-975C-C4ADF8E3B59E}.Debug|Any CPU.ActiveCfg = Debug|Any CPU
		{2A53904D-7B4F-4DA3-975C-C4ADF8E3B59E}.Debug|Any CPU.Build.0 = Debug|Any CPU
		{2A53904D-7B4F-4DA3-975C-C4ADF8E3B59E}.Release|Any CPU.ActiveCfg = Release|Any CPU
		{2A53904D-7B4F-4DA3-975C-C4ADF8E3B59E}.Release|Any CPU.Build.0 = Release|Any CPU
		{02976AE1-E538-45DA-873B-8BD2855037C1}.Debug|Any CPU.ActiveCfg = Debug|Any CPU
		{02976AE1-E538-45DA-873B-8BD2855037C1}.Debug|Any CPU.Build.0 = Debug|Any CPU
		{02976AE1-E538-45DA-873B-8BD2855037C1}.Release|Any CPU.ActiveCfg = Release|Any CPU
		{02976AE1-E538-45DA-873B-8BD2855037C1}.Release|Any CPU.Build.0 = Release|Any CPU
		{5731FC0E-B14E-4657-B3C5-6BB9450AB699}.Debug|Any CPU.ActiveCfg = Debug|Any CPU
		{5731FC0E-B14E-4657-B3C5-6BB9450AB699}.Debug|Any CPU.Build.0 = Debug|Any CPU
		{5731FC0E-B14E-4657-B3C5-6BB9450AB699}.Release|Any CPU.ActiveCfg = Release|Any CPU
		{5731FC0E-B14E-4657-B3C5-6BB9450AB699}.Release|Any CPU.Build.0 = Release|Any CPU
		{E6C92602-C698-42DF-B4AF-0EE7DC9D6AE1}.Debug|Any CPU.ActiveCfg = Debug|Any CPU
		{E6C92602-C698-42DF-B4AF-0EE7DC9D6AE1}.Debug|Any CPU.Build.0 = Debug|Any CPU
		{E6C92602-C698-42DF-B4AF-0EE7DC9D6AE1}.Release|Any CPU.ActiveCfg = Release|Any CPU
		{E6C92602-C698-42DF-B4AF-0EE7DC9D6AE1}.Release|Any CPU.Build.0 = Release|Any CPU
		{644C17E6-7DBF-40AB-941D-0DE3C53F16BD}.Debug|Any CPU.ActiveCfg = Debug|Any CPU
		{644C17E6-7DBF-40AB-941D-0DE3C53F16BD}.Debug|Any CPU.Build.0 = Debug|Any CPU
		{644C17E6-7DBF-40AB-941D-0DE3C53F16BD}.Release|Any CPU.ActiveCfg = Release|Any CPU
		{644C17E6-7DBF-40AB-941D-0DE3C53F16BD}.Release|Any CPU.Build.0 = Release|Any CPU
		{29B1C184-A5B8-4747-A486-8201E521BDF3}.Debug|Any CPU.ActiveCfg = Debug|Any CPU
		{29B1C184-A5B8-4747-A486-8201E521BDF3}.Debug|Any CPU.Build.0 = Debug|Any CPU
		{29B1C184-A5B8-4747-A486-8201E521BDF3}.Release|Any CPU.ActiveCfg = Release|Any CPU
		{29B1C184-A5B8-4747-A486-8201E521BDF3}.Release|Any CPU.Build.0 = Release|Any CPU
		{2B2071F0-7404-4CCB-B8B2-839FA3887938}.Debug|Any CPU.ActiveCfg = Debug|Any CPU
		{2B2071F0-7404-4CCB-B8B2-839FA3887938}.Debug|Any CPU.Build.0 = Debug|Any CPU
		{2B2071F0-7404-4CCB-B8B2-839FA3887938}.Release|Any CPU.ActiveCfg = Release|Any CPU
		{2B2071F0-7404-4CCB-B8B2-839FA3887938}.Release|Any CPU.Build.0 = Release|Any CPU
		{7A7C631A-D56B-4BBD-AE91-E0C9E26C4E65}.Debug|Any CPU.ActiveCfg = Debug|Any CPU
		{7A7C631A-D56B-4BBD-AE91-E0C9E26C4E65}.Debug|Any CPU.Build.0 = Debug|Any CPU
		{7A7C631A-D56B-4BBD-AE91-E0C9E26C4E65}.Release|Any CPU.ActiveCfg = Release|Any CPU
		{7A7C631A-D56B-4BBD-AE91-E0C9E26C4E65}.Release|Any CPU.Build.0 = Release|Any CPU
		{3593C91C-90C8-4E7F-B678-0E8CB68AE625}.Debug|Any CPU.ActiveCfg = Debug|Any CPU
		{3593C91C-90C8-4E7F-B678-0E8CB68AE625}.Debug|Any CPU.Build.0 = Debug|Any CPU
		{3593C91C-90C8-4E7F-B678-0E8CB68AE625}.Release|Any CPU.ActiveCfg = Release|Any CPU
		{3593C91C-90C8-4E7F-B678-0E8CB68AE625}.Release|Any CPU.Build.0 = Release|Any CPU
		{E0F2351E-7508-49CA-9701-AF5ADC925CF4}.Debug|Any CPU.ActiveCfg = Debug|Any CPU
		{E0F2351E-7508-49CA-9701-AF5ADC925CF4}.Debug|Any CPU.Build.0 = Debug|Any CPU
		{E0F2351E-7508-49CA-9701-AF5ADC925CF4}.Release|Any CPU.ActiveCfg = Release|Any CPU
		{E0F2351E-7508-49CA-9701-AF5ADC925CF4}.Release|Any CPU.Build.0 = Release|Any CPU
		{C33DEA95-14A0-4E5A-A2E6-EDBD71AC2F87}.Debug|Any CPU.ActiveCfg = Debug|Any CPU
		{C33DEA95-14A0-4E5A-A2E6-EDBD71AC2F87}.Debug|Any CPU.Build.0 = Debug|Any CPU
		{C33DEA95-14A0-4E5A-A2E6-EDBD71AC2F87}.Release|Any CPU.ActiveCfg = Release|Any CPU
		{C33DEA95-14A0-4E5A-A2E6-EDBD71AC2F87}.Release|Any CPU.Build.0 = Release|Any CPU
		{6A33C752-1317-4C6F-8E20-30085D653113}.Debug|Any CPU.ActiveCfg = Debug|Any CPU
		{6A33C752-1317-4C6F-8E20-30085D653113}.Debug|Any CPU.Build.0 = Debug|Any CPU
		{6A33C752-1317-4C6F-8E20-30085D653113}.Release|Any CPU.ActiveCfg = Release|Any CPU
		{6A33C752-1317-4C6F-8E20-30085D653113}.Release|Any CPU.Build.0 = Release|Any CPU
		{38D54CA3-76CA-4FA2-8164-0FD2C6F894DE}.Debug|Any CPU.ActiveCfg = Debug|Any CPU
		{38D54CA3-76CA-4FA2-8164-0FD2C6F894DE}.Debug|Any CPU.Build.0 = Debug|Any CPU
		{38D54CA3-76CA-4FA2-8164-0FD2C6F894DE}.Release|Any CPU.ActiveCfg = Release|Any CPU
		{38D54CA3-76CA-4FA2-8164-0FD2C6F894DE}.Release|Any CPU.Build.0 = Release|Any CPU
		{F71DE7EE-206C-4B1F-95C4-812F90D14225}.Debug|Any CPU.ActiveCfg = Debug|Any CPU
		{F71DE7EE-206C-4B1F-95C4-812F90D14225}.Debug|Any CPU.Build.0 = Debug|Any CPU
		{F71DE7EE-206C-4B1F-95C4-812F90D14225}.Release|Any CPU.ActiveCfg = Release|Any CPU
		{F71DE7EE-206C-4B1F-95C4-812F90D14225}.Release|Any CPU.Build.0 = Release|Any CPU
		{305928A1-B773-413F-9948-B13013BDE9DD}.Debug|Any CPU.ActiveCfg = Debug|Any CPU
		{305928A1-B773-413F-9948-B13013BDE9DD}.Debug|Any CPU.Build.0 = Debug|Any CPU
		{305928A1-B773-413F-9948-B13013BDE9DD}.Release|Any CPU.ActiveCfg = Release|Any CPU
		{305928A1-B773-413F-9948-B13013BDE9DD}.Release|Any CPU.Build.0 = Release|Any CPU
		{F7708149-250E-4E28-A3FA-0E7BF14A514D}.Debug|Any CPU.ActiveCfg = Debug|Any CPU
		{F7708149-250E-4E28-A3FA-0E7BF14A514D}.Debug|Any CPU.Build.0 = Debug|Any CPU
		{F7708149-250E-4E28-A3FA-0E7BF14A514D}.Release|Any CPU.ActiveCfg = Release|Any CPU
		{F7708149-250E-4E28-A3FA-0E7BF14A514D}.Release|Any CPU.Build.0 = Release|Any CPU
		{749D1EF5-5AB1-4FA3-A4E6-DF779588BC97}.Debug|Any CPU.ActiveCfg = Debug|Any CPU
		{749D1EF5-5AB1-4FA3-A4E6-DF779588BC97}.Debug|Any CPU.Build.0 = Debug|Any CPU
		{749D1EF5-5AB1-4FA3-A4E6-DF779588BC97}.Release|Any CPU.ActiveCfg = Release|Any CPU
		{749D1EF5-5AB1-4FA3-A4E6-DF779588BC97}.Release|Any CPU.Build.0 = Release|Any CPU
		{E2CDCFAE-C9E9-4816-96F2-6FE98F0B2537}.Debug|Any CPU.ActiveCfg = Debug|Any CPU
		{E2CDCFAE-C9E9-4816-96F2-6FE98F0B2537}.Debug|Any CPU.Build.0 = Debug|Any CPU
		{E2CDCFAE-C9E9-4816-96F2-6FE98F0B2537}.Release|Any CPU.ActiveCfg = Release|Any CPU
		{E2CDCFAE-C9E9-4816-96F2-6FE98F0B2537}.Release|Any CPU.Build.0 = Release|Any CPU
		{67D6063B-912B-4714-831A-369073D2B0D4}.Debug|Any CPU.ActiveCfg = Debug|Any CPU
		{67D6063B-912B-4714-831A-369073D2B0D4}.Debug|Any CPU.Build.0 = Debug|Any CPU
		{67D6063B-912B-4714-831A-369073D2B0D4}.Release|Any CPU.ActiveCfg = Release|Any CPU
		{67D6063B-912B-4714-831A-369073D2B0D4}.Release|Any CPU.Build.0 = Release|Any CPU
		{7E99C5B8-D7FE-4013-B9A7-8ACC7B9B2FFC}.Debug|Any CPU.ActiveCfg = Debug|Any CPU
		{7E99C5B8-D7FE-4013-B9A7-8ACC7B9B2FFC}.Debug|Any CPU.Build.0 = Debug|Any CPU
		{7E99C5B8-D7FE-4013-B9A7-8ACC7B9B2FFC}.Release|Any CPU.ActiveCfg = Release|Any CPU
		{7E99C5B8-D7FE-4013-B9A7-8ACC7B9B2FFC}.Release|Any CPU.Build.0 = Release|Any CPU
		{26CC1A2E-FDED-4275-909C-357BF37E604E}.Debug|Any CPU.ActiveCfg = Debug|Any CPU
		{26CC1A2E-FDED-4275-909C-357BF37E604E}.Debug|Any CPU.Build.0 = Debug|Any CPU
		{26CC1A2E-FDED-4275-909C-357BF37E604E}.Release|Any CPU.ActiveCfg = Release|Any CPU
		{26CC1A2E-FDED-4275-909C-357BF37E604E}.Release|Any CPU.Build.0 = Release|Any CPU
		{CD6AA9CD-9B63-4EEE-B23A-3E3A254B1C85}.Debug|Any CPU.ActiveCfg = Debug|Any CPU
		{CD6AA9CD-9B63-4EEE-B23A-3E3A254B1C85}.Debug|Any CPU.Build.0 = Debug|Any CPU
		{CD6AA9CD-9B63-4EEE-B23A-3E3A254B1C85}.Release|Any CPU.ActiveCfg = Release|Any CPU
		{CD6AA9CD-9B63-4EEE-B23A-3E3A254B1C85}.Release|Any CPU.Build.0 = Release|Any CPU
		{DB020247-10ED-4634-8351-DB66946A59FD}.Debug|Any CPU.ActiveCfg = Debug|Any CPU
		{DB020247-10ED-4634-8351-DB66946A59FD}.Debug|Any CPU.Build.0 = Debug|Any CPU
		{DB020247-10ED-4634-8351-DB66946A59FD}.Release|Any CPU.ActiveCfg = Release|Any CPU
		{DB020247-10ED-4634-8351-DB66946A59FD}.Release|Any CPU.Build.0 = Release|Any CPU
		{68A85626-4924-4D37-9685-9B6A8C7A0311}.Debug|Any CPU.ActiveCfg = Debug|Any CPU
		{68A85626-4924-4D37-9685-9B6A8C7A0311}.Debug|Any CPU.Build.0 = Debug|Any CPU
		{68A85626-4924-4D37-9685-9B6A8C7A0311}.Release|Any CPU.ActiveCfg = Release|Any CPU
		{68A85626-4924-4D37-9685-9B6A8C7A0311}.Release|Any CPU.Build.0 = Release|Any CPU
		{DA2D4DAC-46F6-4F4C-ACFE-4BA4889A3733}.Debug|Any CPU.ActiveCfg = Debug|Any CPU
		{DA2D4DAC-46F6-4F4C-ACFE-4BA4889A3733}.Debug|Any CPU.Build.0 = Debug|Any CPU
		{DA2D4DAC-46F6-4F4C-ACFE-4BA4889A3733}.Release|Any CPU.ActiveCfg = Release|Any CPU
		{DA2D4DAC-46F6-4F4C-ACFE-4BA4889A3733}.Release|Any CPU.Build.0 = Release|Any CPU
		{EAE1B93E-8425-41D2-9C12-595CA9BCA0F2}.Debug|Any CPU.ActiveCfg = Debug|Any CPU
		{EAE1B93E-8425-41D2-9C12-595CA9BCA0F2}.Debug|Any CPU.Build.0 = Debug|Any CPU
		{EAE1B93E-8425-41D2-9C12-595CA9BCA0F2}.Release|Any CPU.ActiveCfg = Release|Any CPU
		{EAE1B93E-8425-41D2-9C12-595CA9BCA0F2}.Release|Any CPU.Build.0 = Release|Any CPU
		{C0E841C3-186A-4CC0-AB13-5319BB3C1C59}.Debug|Any CPU.ActiveCfg = Debug|Any CPU
		{C0E841C3-186A-4CC0-AB13-5319BB3C1C59}.Debug|Any CPU.Build.0 = Debug|Any CPU
		{C0E841C3-186A-4CC0-AB13-5319BB3C1C59}.Release|Any CPU.ActiveCfg = Release|Any CPU
		{C0E841C3-186A-4CC0-AB13-5319BB3C1C59}.Release|Any CPU.Build.0 = Release|Any CPU
		{EBD1F76F-70D8-4D16-B0E9-C9A013903C93}.Debug|Any CPU.ActiveCfg = Debug|Any CPU
		{EBD1F76F-70D8-4D16-B0E9-C9A013903C93}.Debug|Any CPU.Build.0 = Debug|Any CPU
		{EBD1F76F-70D8-4D16-B0E9-C9A013903C93}.Release|Any CPU.ActiveCfg = Release|Any CPU
		{EBD1F76F-70D8-4D16-B0E9-C9A013903C93}.Release|Any CPU.Build.0 = Release|Any CPU
		{356710AE-FD13-4E48-9EC3-09BA072A7336}.Debug|Any CPU.ActiveCfg = Debug|Any CPU
		{356710AE-FD13-4E48-9EC3-09BA072A7336}.Debug|Any CPU.Build.0 = Debug|Any CPU
		{356710AE-FD13-4E48-9EC3-09BA072A7336}.Release|Any CPU.ActiveCfg = Release|Any CPU
		{356710AE-FD13-4E48-9EC3-09BA072A7336}.Release|Any CPU.Build.0 = Release|Any CPU
		{F8F07AF8-DA5C-49D0-B2EC-E0E963CF465A}.Debug|Any CPU.ActiveCfg = Debug|Any CPU
		{F8F07AF8-DA5C-49D0-B2EC-E0E963CF465A}.Debug|Any CPU.Build.0 = Debug|Any CPU
		{F8F07AF8-DA5C-49D0-B2EC-E0E963CF465A}.Release|Any CPU.ActiveCfg = Release|Any CPU
		{F8F07AF8-DA5C-49D0-B2EC-E0E963CF465A}.Release|Any CPU.Build.0 = Release|Any CPU
		{4C9B6358-29B3-47C7-9B8A-D120425D0149}.Debug|Any CPU.ActiveCfg = Debug|Any CPU
		{4C9B6358-29B3-47C7-9B8A-D120425D0149}.Debug|Any CPU.Build.0 = Debug|Any CPU
		{4C9B6358-29B3-47C7-9B8A-D120425D0149}.Release|Any CPU.ActiveCfg = Release|Any CPU
		{4C9B6358-29B3-47C7-9B8A-D120425D0149}.Release|Any CPU.Build.0 = Release|Any CPU
		{54654F32-E80E-4079-83C2-DDE622630B0D}.Debug|Any CPU.ActiveCfg = Debug|Any CPU
		{54654F32-E80E-4079-83C2-DDE622630B0D}.Debug|Any CPU.Build.0 = Debug|Any CPU
		{54654F32-E80E-4079-83C2-DDE622630B0D}.Release|Any CPU.ActiveCfg = Release|Any CPU
		{54654F32-E80E-4079-83C2-DDE622630B0D}.Release|Any CPU.Build.0 = Release|Any CPU
		{A24F3BC7-45C1-4353-A87B-650FD110E4DC}.Debug|Any CPU.ActiveCfg = Debug|Any CPU
		{A24F3BC7-45C1-4353-A87B-650FD110E4DC}.Debug|Any CPU.Build.0 = Debug|Any CPU
		{A24F3BC7-45C1-4353-A87B-650FD110E4DC}.Release|Any CPU.ActiveCfg = Release|Any CPU
		{A24F3BC7-45C1-4353-A87B-650FD110E4DC}.Release|Any CPU.Build.0 = Release|Any CPU
		{4A54779E-22EB-4112-81B2-A255DBD39B38}.Debug|Any CPU.ActiveCfg = Debug|Any CPU
		{4A54779E-22EB-4112-81B2-A255DBD39B38}.Debug|Any CPU.Build.0 = Debug|Any CPU
		{4A54779E-22EB-4112-81B2-A255DBD39B38}.Release|Any CPU.ActiveCfg = Release|Any CPU
		{4A54779E-22EB-4112-81B2-A255DBD39B38}.Release|Any CPU.Build.0 = Release|Any CPU
		{E7B0B290-84D8-47C0-B148-2B2726596F5B}.Debug|Any CPU.ActiveCfg = Debug|Any CPU
		{E7B0B290-84D8-47C0-B148-2B2726596F5B}.Debug|Any CPU.Build.0 = Debug|Any CPU
		{E7B0B290-84D8-47C0-B148-2B2726596F5B}.Release|Any CPU.ActiveCfg = Release|Any CPU
		{E7B0B290-84D8-47C0-B148-2B2726596F5B}.Release|Any CPU.Build.0 = Release|Any CPU
		{D9D87B45-1DFD-4BE0-96DF-DDD73AFF6017}.Debug|Any CPU.ActiveCfg = Debug|Any CPU
		{D9D87B45-1DFD-4BE0-96DF-DDD73AFF6017}.Debug|Any CPU.Build.0 = Debug|Any CPU
		{D9D87B45-1DFD-4BE0-96DF-DDD73AFF6017}.Release|Any CPU.ActiveCfg = Release|Any CPU
		{D9D87B45-1DFD-4BE0-96DF-DDD73AFF6017}.Release|Any CPU.Build.0 = Release|Any CPU
		{CAA15C7E-2DE0-4879-A0E3-6ECE83BF31A1}.Debug|Any CPU.ActiveCfg = Debug|Any CPU
		{CAA15C7E-2DE0-4879-A0E3-6ECE83BF31A1}.Debug|Any CPU.Build.0 = Debug|Any CPU
		{CAA15C7E-2DE0-4879-A0E3-6ECE83BF31A1}.Release|Any CPU.ActiveCfg = Release|Any CPU
		{CAA15C7E-2DE0-4879-A0E3-6ECE83BF31A1}.Release|Any CPU.Build.0 = Release|Any CPU
		{C0C92F69-7EB6-4DB1-B2E8-35B1F94F7292}.Debug|Any CPU.ActiveCfg = Debug|Any CPU
		{C0C92F69-7EB6-4DB1-B2E8-35B1F94F7292}.Debug|Any CPU.Build.0 = Debug|Any CPU
		{C0C92F69-7EB6-4DB1-B2E8-35B1F94F7292}.Release|Any CPU.ActiveCfg = Release|Any CPU
		{C0C92F69-7EB6-4DB1-B2E8-35B1F94F7292}.Release|Any CPU.Build.0 = Release|Any CPU
	EndGlobalSection
	GlobalSection(SolutionProperties) = preSolution
		HideSolutionNode = FALSE
	EndGlobalSection
	GlobalSection(NestedProjects) = preSolution
		{0F843F51-DA68-473F-A1D0-AA5C1088FEAE} = {FF9E5F83-AFA9-4F4B-91F8-6DB72A8B0F22}
		{64F9B481-33FC-4ED1-AE99-4047BECCED6C} = {FF9E5F83-AFA9-4F4B-91F8-6DB72A8B0F22}
		{03CDEBC9-84E4-45FF-8E63-A6B6EAF6CE2F} = {781A9483-4227-49C7-A5B6-03087E6E042C}
		{6F3BAACA-2036-4D2B-9C59-937D1A16CC0D} = {03CDEBC9-84E4-45FF-8E63-A6B6EAF6CE2F}
		{FCB7A11F-B528-4063-8981-31C1E8976082} = {03CDEBC9-84E4-45FF-8E63-A6B6EAF6CE2F}
		{19BCA7C3-9300-441E-A8FA-1E16B79EA95E} = {03CDEBC9-84E4-45FF-8E63-A6B6EAF6CE2F}
		{9C510789-3747-43CC-8043-8080D9B2164C} = {03CDEBC9-84E4-45FF-8E63-A6B6EAF6CE2F}
		{16DEE5FE-F09B-4ECF-A7A9-35458C7CAEA2} = {03CDEBC9-84E4-45FF-8E63-A6B6EAF6CE2F}
		{FEF061E3-0FA7-4FC1-8229-D90D150A31FB} = {03CDEBC9-84E4-45FF-8E63-A6B6EAF6CE2F}
		{C6C9F693-C7DC-4EB4-8C45-A3D63B7FD3FF} = {03CDEBC9-84E4-45FF-8E63-A6B6EAF6CE2F}
		{D079054E-5B8A-4733-84E7-F5D6393B9726} = {03CDEBC9-84E4-45FF-8E63-A6B6EAF6CE2F}
		{2A53904D-7B4F-4DA3-975C-C4ADF8E3B59E} = {03CDEBC9-84E4-45FF-8E63-A6B6EAF6CE2F}
		{02976AE1-E538-45DA-873B-8BD2855037C1} = {03CDEBC9-84E4-45FF-8E63-A6B6EAF6CE2F}
		{5731FC0E-B14E-4657-B3C5-6BB9450AB699} = {03CDEBC9-84E4-45FF-8E63-A6B6EAF6CE2F}
		{E6C92602-C698-42DF-B4AF-0EE7DC9D6AE1} = {03CDEBC9-84E4-45FF-8E63-A6B6EAF6CE2F}
		{644C17E6-7DBF-40AB-941D-0DE3C53F16BD} = {03CDEBC9-84E4-45FF-8E63-A6B6EAF6CE2F}
		{29B1C184-A5B8-4747-A486-8201E521BDF3} = {03CDEBC9-84E4-45FF-8E63-A6B6EAF6CE2F}
		{2B2071F0-7404-4CCB-B8B2-839FA3887938} = {03CDEBC9-84E4-45FF-8E63-A6B6EAF6CE2F}
		{7A7C631A-D56B-4BBD-AE91-E0C9E26C4E65} = {03CDEBC9-84E4-45FF-8E63-A6B6EAF6CE2F}
		{3593C91C-90C8-4E7F-B678-0E8CB68AE625} = {03CDEBC9-84E4-45FF-8E63-A6B6EAF6CE2F}
		{8E08DD78-5789-449A-8BD3-FE9B830F1E37} = {27F46D4F-0830-415C-9FAF-05437110E6C7}
		{BA3F41CC-0D38-48E5-A5BE-08A019E70678} = {8E08DD78-5789-449A-8BD3-FE9B830F1E37}
		{E0F2351E-7508-49CA-9701-AF5ADC925CF4} = {BA3F41CC-0D38-48E5-A5BE-08A019E70678}
		{41FF87BC-CCD2-4CB1-BE8F-DA6B9E729329} = {8E08DD78-5789-449A-8BD3-FE9B830F1E37}
		{C33DEA95-14A0-4E5A-A2E6-EDBD71AC2F87} = {41FF87BC-CCD2-4CB1-BE8F-DA6B9E729329}
		{6A33C752-1317-4C6F-8E20-30085D653113} = {8F116FC8-44B8-43C3-821C-844AF7206AD2}
		{38D54CA3-76CA-4FA2-8164-0FD2C6F894DE} = {8F116FC8-44B8-43C3-821C-844AF7206AD2}
		{0D8744E1-7554-4F1C-A1A6-A4FF0EA8D405} = {27F46D4F-0830-415C-9FAF-05437110E6C7}
		{94C466BB-F0A3-4FCC-BAC1-50157D2CFFAA} = {0D8744E1-7554-4F1C-A1A6-A4FF0EA8D405}
		{F71DE7EE-206C-4B1F-95C4-812F90D14225} = {94C466BB-F0A3-4FCC-BAC1-50157D2CFFAA}
		{305928A1-B773-413F-9948-B13013BDE9DD} = {8F116FC8-44B8-43C3-821C-844AF7206AD2}
		{F7708149-250E-4E28-A3FA-0E7BF14A514D} = {94C466BB-F0A3-4FCC-BAC1-50157D2CFFAA}
		{749D1EF5-5AB1-4FA3-A4E6-DF779588BC97} = {03CDEBC9-84E4-45FF-8E63-A6B6EAF6CE2F}
		{4E10FE26-C3E8-4C2E-828E-94FD7746C9FE} = {8E08DD78-5789-449A-8BD3-FE9B830F1E37}
		{E2CDCFAE-C9E9-4816-96F2-6FE98F0B2537} = {4E10FE26-C3E8-4C2E-828E-94FD7746C9FE}
		{67D6063B-912B-4714-831A-369073D2B0D4} = {8F116FC8-44B8-43C3-821C-844AF7206AD2}
		{7E99C5B8-D7FE-4013-B9A7-8ACC7B9B2FFC} = {03CDEBC9-84E4-45FF-8E63-A6B6EAF6CE2F}
		{26CC1A2E-FDED-4275-909C-357BF37E604E} = {03CDEBC9-84E4-45FF-8E63-A6B6EAF6CE2F}
		{CD6AA9CD-9B63-4EEE-B23A-3E3A254B1C85} = {03CDEBC9-84E4-45FF-8E63-A6B6EAF6CE2F}
		{DB020247-10ED-4634-8351-DB66946A59FD} = {03CDEBC9-84E4-45FF-8E63-A6B6EAF6CE2F}
		{68A85626-4924-4D37-9685-9B6A8C7A0311} = {03CDEBC9-84E4-45FF-8E63-A6B6EAF6CE2F}
		{DA2D4DAC-46F6-4F4C-ACFE-4BA4889A3733} = {03CDEBC9-84E4-45FF-8E63-A6B6EAF6CE2F}
		{EAE1B93E-8425-41D2-9C12-595CA9BCA0F2} = {03CDEBC9-84E4-45FF-8E63-A6B6EAF6CE2F}
		{C0E841C3-186A-4CC0-AB13-5319BB3C1C59} = {03CDEBC9-84E4-45FF-8E63-A6B6EAF6CE2F}
		{EBD1F76F-70D8-4D16-B0E9-C9A013903C93} = {8F116FC8-44B8-43C3-821C-844AF7206AD2}
		{356710AE-FD13-4E48-9EC3-09BA072A7336} = {4E10FE26-C3E8-4C2E-828E-94FD7746C9FE}
		{5DC9853B-6A0C-4AE5-BA58-050BDBE88E5E} = {8E08DD78-5789-449A-8BD3-FE9B830F1E37}
		{F8F07AF8-DA5C-49D0-B2EC-E0E963CF465A} = {5DC9853B-6A0C-4AE5-BA58-050BDBE88E5E}
		{4C9B6358-29B3-47C7-9B8A-D120425D0149} = {8F116FC8-44B8-43C3-821C-844AF7206AD2}
		{54654F32-E80E-4079-83C2-DDE622630B0D} = {8F116FC8-44B8-43C3-821C-844AF7206AD2}
		{0C89D3E4-990F-4526-A8CC-E94BF1FCC787} = {99BAAD1C-01DF-4959-BDAF-58E68391B5A1}
		{A24F3BC7-45C1-4353-A87B-650FD110E4DC} = {0C89D3E4-990F-4526-A8CC-E94BF1FCC787}
		{4A54779E-22EB-4112-81B2-A255DBD39B38} = {0C89D3E4-990F-4526-A8CC-E94BF1FCC787}
		{E7B0B290-84D8-47C0-B148-2B2726596F5B} = {0C89D3E4-990F-4526-A8CC-E94BF1FCC787}
		{D9D87B45-1DFD-4BE0-96DF-DDD73AFF6017} = {0C89D3E4-990F-4526-A8CC-E94BF1FCC787}
		{CAA15C7E-2DE0-4879-A0E3-6ECE83BF31A1} = {0C89D3E4-990F-4526-A8CC-E94BF1FCC787}
		{C0C92F69-7EB6-4DB1-B2E8-35B1F94F7292} = {0C89D3E4-990F-4526-A8CC-E94BF1FCC787}
	EndGlobalSection
EndGlobal
